// !$*UTF8*$!
{
	archiveVersion = 1;
	classes = {
	};
	objectVersion = 46;
	objects = {

/* Begin PBXBuildFile section */
		835A592E1F1B16FD00E64D26 /* Quantico-Bold.otf in Resources */ = {isa = PBXBuildFile; fileRef = 835A592D1F1B16FD00E64D26 /* Quantico-Bold.otf */; };
		835A59301F1C794D00E64D26 /* GameOverScene.swift in Sources */ = {isa = PBXBuildFile; fileRef = 835A592F1F1C794D00E64D26 /* GameOverScene.swift */; };
		835A59321F1C7DCC00E64D26 /* bgBlur.png in Resources */ = {isa = PBXBuildFile; fileRef = 835A59311F1C7DCC00E64D26 /* bgBlur.png */; };
		835A59341F1D4BEA00E64D26 /* logo.png in Resources */ = {isa = PBXBuildFile; fileRef = 835A59331F1D4BEA00E64D26 /* logo.png */; };
		835A59361F1D4BF400E64D26 /* upgradeCube.png in Resources */ = {isa = PBXBuildFile; fileRef = 835A59351F1D4BF400E64D26 /* upgradeCube.png */; };
		83AD23261EC6B0F500CDC789 /* AppDelegate.swift in Sources */ = {isa = PBXBuildFile; fileRef = 83AD23251EC6B0F500CDC789 /* AppDelegate.swift */; };
		83AD23281EC6B0F500CDC789 /* GameScene.sks in Resources */ = {isa = PBXBuildFile; fileRef = 83AD23271EC6B0F500CDC789 /* GameScene.sks */; };
		83AD232A1EC6B0F500CDC789 /* Actions.sks in Resources */ = {isa = PBXBuildFile; fileRef = 83AD23291EC6B0F500CDC789 /* Actions.sks */; };
		83AD232C1EC6B0F500CDC789 /* GameScene.swift in Sources */ = {isa = PBXBuildFile; fileRef = 83AD232B1EC6B0F500CDC789 /* GameScene.swift */; };
		83AD232E1EC6B0F500CDC789 /* GameViewController.swift in Sources */ = {isa = PBXBuildFile; fileRef = 83AD232D1EC6B0F500CDC789 /* GameViewController.swift */; };
		83AD23311EC6B0F500CDC789 /* Main.storyboard in Resources */ = {isa = PBXBuildFile; fileRef = 83AD232F1EC6B0F500CDC789 /* Main.storyboard */; };
		83AD23331EC6B0F500CDC789 /* Assets.xcassets in Resources */ = {isa = PBXBuildFile; fileRef = 83AD23321EC6B0F500CDC789 /* Assets.xcassets */; };
		83AD23361EC6B0F500CDC789 /* LaunchScreen.storyboard in Resources */ = {isa = PBXBuildFile; fileRef = 83AD23341EC6B0F500CDC789 /* LaunchScreen.storyboard */; };
		83AD23411EC6B0F500CDC789 /* RememberRickenbackerTests.swift in Sources */ = {isa = PBXBuildFile; fileRef = 83AD23401EC6B0F500CDC789 /* RememberRickenbackerTests.swift */; };
		83AD234C1EC6B0F500CDC789 /* RememberRickenbackerUITests.swift in Sources */ = {isa = PBXBuildFile; fileRef = 83AD234B1EC6B0F500CDC789 /* RememberRickenbackerUITests.swift */; };
/* End PBXBuildFile section */

/* Begin PBXContainerItemProxy section */
		83AD233D1EC6B0F500CDC789 /* PBXContainerItemProxy */ = {
			isa = PBXContainerItemProxy;
			containerPortal = 83AD231A1EC6B0F400CDC789 /* Project object */;
			proxyType = 1;
			remoteGlobalIDString = 83AD23211EC6B0F400CDC789;
			remoteInfo = RememberRickenbacker;
		};
		83AD23481EC6B0F500CDC789 /* PBXContainerItemProxy */ = {
			isa = PBXContainerItemProxy;
			containerPortal = 83AD231A1EC6B0F400CDC789 /* Project object */;
			proxyType = 1;
			remoteGlobalIDString = 83AD23211EC6B0F400CDC789;
			remoteInfo = RememberRickenbacker;
		};
/* End PBXContainerItemProxy section */

/* Begin PBXFileReference section */
		835A592D1F1B16FD00E64D26 /* Quantico-Bold.otf */ = {isa = PBXFileReference; lastKnownFileType = file; path = "Quantico-Bold.otf"; sourceTree = "<group>"; };
		835A592F1F1C794D00E64D26 /* GameOverScene.swift */ = {isa = PBXFileReference; fileEncoding = 4; lastKnownFileType = sourcecode.swift; name = GameOverScene.swift; path = ../GameOverScene.swift; sourceTree = "<group>"; };
		835A59311F1C7DCC00E64D26 /* bgBlur.png */ = {isa = PBXFileReference; lastKnownFileType = image.png; path = bgBlur.png; sourceTree = "<group>"; };
		835A59331F1D4BEA00E64D26 /* logo.png */ = {isa = PBXFileReference; lastKnownFileType = image.png; path = logo.png; sourceTree = "<group>"; };
		835A59351F1D4BF400E64D26 /* upgradeCube.png */ = {isa = PBXFileReference; lastKnownFileType = image.png; path = upgradeCube.png; sourceTree = "<group>"; };
		83AD23221EC6B0F500CDC789 /* RememberRickenbacker.app */ = {isa = PBXFileReference; explicitFileType = wrapper.application; includeInIndex = 0; path = RememberRickenbacker.app; sourceTree = BUILT_PRODUCTS_DIR; };
		83AD23251EC6B0F500CDC789 /* AppDelegate.swift */ = {isa = PBXFileReference; lastKnownFileType = sourcecode.swift; path = AppDelegate.swift; sourceTree = "<group>"; };
		83AD23271EC6B0F500CDC789 /* GameScene.sks */ = {isa = PBXFileReference; lastKnownFileType = file.sks; path = GameScene.sks; sourceTree = "<group>"; };
		83AD23291EC6B0F500CDC789 /* Actions.sks */ = {isa = PBXFileReference; lastKnownFileType = file.sks; path = Actions.sks; sourceTree = "<group>"; };
		83AD232B1EC6B0F500CDC789 /* GameScene.swift */ = {isa = PBXFileReference; lastKnownFileType = sourcecode.swift; path = GameScene.swift; sourceTree = "<group>"; };
		83AD232D1EC6B0F500CDC789 /* GameViewController.swift */ = {isa = PBXFileReference; lastKnownFileType = sourcecode.swift; path = GameViewController.swift; sourceTree = "<group>"; };
		83AD23301EC6B0F500CDC789 /* Base */ = {isa = PBXFileReference; lastKnownFileType = file.storyboard; name = Base; path = Base.lproj/Main.storyboard; sourceTree = "<group>"; };
		83AD23321EC6B0F500CDC789 /* Assets.xcassets */ = {isa = PBXFileReference; lastKnownFileType = folder.assetcatalog; path = Assets.xcassets; sourceTree = "<group>"; };
		83AD23351EC6B0F500CDC789 /* Base */ = {isa = PBXFileReference; lastKnownFileType = file.storyboard; name = Base; path = Base.lproj/LaunchScreen.storyboard; sourceTree = "<group>"; };
		83AD23371EC6B0F500CDC789 /* Info.plist */ = {isa = PBXFileReference; lastKnownFileType = text.plist.xml; path = Info.plist; sourceTree = "<group>"; };
		83AD233C1EC6B0F500CDC789 /* RememberRickenbackerTests.xctest */ = {isa = PBXFileReference; explicitFileType = wrapper.cfbundle; includeInIndex = 0; path = RememberRickenbackerTests.xctest; sourceTree = BUILT_PRODUCTS_DIR; };
		83AD23401EC6B0F500CDC789 /* RememberRickenbackerTests.swift */ = {isa = PBXFileReference; lastKnownFileType = sourcecode.swift; path = RememberRickenbackerTests.swift; sourceTree = "<group>"; };
		83AD23421EC6B0F500CDC789 /* Info.plist */ = {isa = PBXFileReference; lastKnownFileType = text.plist.xml; path = Info.plist; sourceTree = "<group>"; };
		83AD23471EC6B0F500CDC789 /* RememberRickenbackerUITests.xctest */ = {isa = PBXFileReference; explicitFileType = wrapper.cfbundle; includeInIndex = 0; path = RememberRickenbackerUITests.xctest; sourceTree = BUILT_PRODUCTS_DIR; };
		83AD234B1EC6B0F500CDC789 /* RememberRickenbackerUITests.swift */ = {isa = PBXFileReference; lastKnownFileType = sourcecode.swift; path = RememberRickenbackerUITests.swift; sourceTree = "<group>"; };
		83AD234D1EC6B0F500CDC789 /* Info.plist */ = {isa = PBXFileReference; lastKnownFileType = text.plist.xml; path = Info.plist; sourceTree = "<group>"; };
/* End PBXFileReference section */

/* Begin PBXFrameworksBuildPhase section */
		83AD231F1EC6B0F400CDC789 /* Frameworks */ = {
			isa = PBXFrameworksBuildPhase;
			buildActionMask = 2147483647;
			files = (
			);
			runOnlyForDeploymentPostprocessing = 0;
		};
		83AD23391EC6B0F500CDC789 /* Frameworks */ = {
			isa = PBXFrameworksBuildPhase;
			buildActionMask = 2147483647;
			files = (
			);
			runOnlyForDeploymentPostprocessing = 0;
		};
		83AD23441EC6B0F500CDC789 /* Frameworks */ = {
			isa = PBXFrameworksBuildPhase;
			buildActionMask = 2147483647;
			files = (
			);
			runOnlyForDeploymentPostprocessing = 0;
		};
/* End PBXFrameworksBuildPhase section */

/* Begin PBXGroup section */
		83AD23191EC6B0F400CDC789 = {
			isa = PBXGroup;
			children = (
				83AD23241EC6B0F500CDC789 /* RememberRickenbacker */,
				83AD233F1EC6B0F500CDC789 /* RememberRickenbackerTests */,
				83AD234A1EC6B0F500CDC789 /* RememberRickenbackerUITests */,
				83AD23231EC6B0F500CDC789 /* Products */,
			);
			sourceTree = "<group>";
		};
		83AD23231EC6B0F500CDC789 /* Products */ = {
			isa = PBXGroup;
			children = (
				83AD23221EC6B0F500CDC789 /* RememberRickenbacker.app */,
				83AD233C1EC6B0F500CDC789 /* RememberRickenbackerTests.xctest */,
				83AD23471EC6B0F500CDC789 /* RememberRickenbackerUITests.xctest */,
			);
			name = Products;
			sourceTree = "<group>";
		};
		83AD23241EC6B0F500CDC789 /* RememberRickenbacker */ = {
			isa = PBXGroup;
			children = (
				83AD23251EC6B0F500CDC789 /* AppDelegate.swift */,
				83AD23271EC6B0F500CDC789 /* GameScene.sks */,
				83AD23291EC6B0F500CDC789 /* Actions.sks */,
				83AD232B1EC6B0F500CDC789 /* GameScene.swift */,
				835A592F1F1C794D00E64D26 /* GameOverScene.swift */,
				83AD232D1EC6B0F500CDC789 /* GameViewController.swift */,
				835A59351F1D4BF400E64D26 /* upgradeCube.png */,
				835A592D1F1B16FD00E64D26 /* Quantico-Bold.otf */,
				83AD232F1EC6B0F500CDC789 /* Main.storyboard */,
				835A59331F1D4BEA00E64D26 /* logo.png */,
				83AD23321EC6B0F500CDC789 /* Assets.xcassets */,
				835A59311F1C7DCC00E64D26 /* bgBlur.png */,
				83AD23341EC6B0F500CDC789 /* LaunchScreen.storyboard */,
				83AD23371EC6B0F500CDC789 /* Info.plist */,
			);
			path = RememberRickenbacker;
			sourceTree = "<group>";
		};
		83AD233F1EC6B0F500CDC789 /* RememberRickenbackerTests */ = {
			isa = PBXGroup;
			children = (
				83AD23401EC6B0F500CDC789 /* RememberRickenbackerTests.swift */,
				83AD23421EC6B0F500CDC789 /* Info.plist */,
			);
			path = RememberRickenbackerTests;
			sourceTree = "<group>";
		};
		83AD234A1EC6B0F500CDC789 /* RememberRickenbackerUITests */ = {
			isa = PBXGroup;
			children = (
				83AD234B1EC6B0F500CDC789 /* RememberRickenbackerUITests.swift */,
				83AD234D1EC6B0F500CDC789 /* Info.plist */,
			);
			path = RememberRickenbackerUITests;
			sourceTree = "<group>";
		};
/* End PBXGroup section */

/* Begin PBXNativeTarget section */
		83AD23211EC6B0F400CDC789 /* RememberRickenbacker */ = {
			isa = PBXNativeTarget;
			buildConfigurationList = 83AD23501EC6B0F500CDC789 /* Build configuration list for PBXNativeTarget "RememberRickenbacker" */;
			buildPhases = (
				83AD231E1EC6B0F400CDC789 /* Sources */,
				83AD231F1EC6B0F400CDC789 /* Frameworks */,
				83AD23201EC6B0F400CDC789 /* Resources */,
			);
			buildRules = (
			);
			dependencies = (
			);
			name = RememberRickenbacker;
			productName = RememberRickenbacker;
			productReference = 83AD23221EC6B0F500CDC789 /* RememberRickenbacker.app */;
			productType = "com.apple.product-type.application";
		};
		83AD233B1EC6B0F500CDC789 /* RememberRickenbackerTests */ = {
			isa = PBXNativeTarget;
			buildConfigurationList = 83AD23531EC6B0F500CDC789 /* Build configuration list for PBXNativeTarget "RememberRickenbackerTests" */;
			buildPhases = (
				83AD23381EC6B0F500CDC789 /* Sources */,
				83AD23391EC6B0F500CDC789 /* Frameworks */,
				83AD233A1EC6B0F500CDC789 /* Resources */,
			);
			buildRules = (
			);
			dependencies = (
				83AD233E1EC6B0F500CDC789 /* PBXTargetDependency */,
			);
			name = RememberRickenbackerTests;
			productName = RememberRickenbackerTests;
			productReference = 83AD233C1EC6B0F500CDC789 /* RememberRickenbackerTests.xctest */;
			productType = "com.apple.product-type.bundle.unit-test";
		};
		83AD23461EC6B0F500CDC789 /* RememberRickenbackerUITests */ = {
			isa = PBXNativeTarget;
			buildConfigurationList = 83AD23561EC6B0F500CDC789 /* Build configuration list for PBXNativeTarget "RememberRickenbackerUITests" */;
			buildPhases = (
				83AD23431EC6B0F500CDC789 /* Sources */,
				83AD23441EC6B0F500CDC789 /* Frameworks */,
				83AD23451EC6B0F500CDC789 /* Resources */,
			);
			buildRules = (
			);
			dependencies = (
				83AD23491EC6B0F500CDC789 /* PBXTargetDependency */,
			);
			name = RememberRickenbackerUITests;
			productName = RememberRickenbackerUITests;
			productReference = 83AD23471EC6B0F500CDC789 /* RememberRickenbackerUITests.xctest */;
			productType = "com.apple.product-type.bundle.ui-testing";
		};
/* End PBXNativeTarget section */

/* Begin PBXProject section */
		83AD231A1EC6B0F400CDC789 /* Project object */ = {
			isa = PBXProject;
			attributes = {
				LastSwiftUpdateCheck = 0830;
				LastUpgradeCheck = 0830;
				ORGANIZATIONNAME = jmyser;
				TargetAttributes = {
					83AD23211EC6B0F400CDC789 = {
						CreatedOnToolsVersion = 8.3.2;
						DevelopmentTeam = PBTXF58SZ6;
						ProvisioningStyle = Automatic;
					};
					83AD233B1EC6B0F500CDC789 = {
						CreatedOnToolsVersion = 8.3.2;
						DevelopmentTeam = PBTXF58SZ6;
						ProvisioningStyle = Automatic;
						TestTargetID = 83AD23211EC6B0F400CDC789;
					};
					83AD23461EC6B0F500CDC789 = {
						CreatedOnToolsVersion = 8.3.2;
						DevelopmentTeam = PBTXF58SZ6;
						ProvisioningStyle = Automatic;
						TestTargetID = 83AD23211EC6B0F400CDC789;
					};
				};
			};
			buildConfigurationList = 83AD231D1EC6B0F400CDC789 /* Build configuration list for PBXProject "RememberRickenbacker" */;
			compatibilityVersion = "Xcode 3.2";
			developmentRegion = English;
			hasScannedForEncodings = 0;
			knownRegions = (
				en,
				Base,
			);
			mainGroup = 83AD23191EC6B0F400CDC789;
			productRefGroup = 83AD23231EC6B0F500CDC789 /* Products */;
			projectDirPath = "";
			projectRoot = "";
			targets = (
				83AD23211EC6B0F400CDC789 /* RememberRickenbacker */,
				83AD233B1EC6B0F500CDC789 /* RememberRickenbackerTests */,
				83AD23461EC6B0F500CDC789 /* RememberRickenbackerUITests */,
			);
		};
/* End PBXProject section */

/* Begin PBXResourcesBuildPhase section */
		83AD23201EC6B0F400CDC789 /* Resources */ = {
			isa = PBXResourcesBuildPhase;
			buildActionMask = 2147483647;
			files = (
				835A59361F1D4BF400E64D26 /* upgradeCube.png in Resources */,
				835A59321F1C7DCC00E64D26 /* bgBlur.png in Resources */,
				83AD23311EC6B0F500CDC789 /* Main.storyboard in Resources */,
				83AD23281EC6B0F500CDC789 /* GameScene.sks in Resources */,
				835A592E1F1B16FD00E64D26 /* Quantico-Bold.otf in Resources */,
				835A59341F1D4BEA00E64D26 /* logo.png in Resources */,
				83AD23331EC6B0F500CDC789 /* Assets.xcassets in Resources */,
				83AD23361EC6B0F500CDC789 /* LaunchScreen.storyboard in Resources */,
				83AD232A1EC6B0F500CDC789 /* Actions.sks in Resources */,
			);
			runOnlyForDeploymentPostprocessing = 0;
		};
		83AD233A1EC6B0F500CDC789 /* Resources */ = {
			isa = PBXResourcesBuildPhase;
			buildActionMask = 2147483647;
			files = (
			);
			runOnlyForDeploymentPostprocessing = 0;
		};
		83AD23451EC6B0F500CDC789 /* Resources */ = {
			isa = PBXResourcesBuildPhase;
			buildActionMask = 2147483647;
			files = (
			);
			runOnlyForDeploymentPostprocessing = 0;
		};
/* End PBXResourcesBuildPhase section */

/* Begin PBXSourcesBuildPhase section */
		83AD231E1EC6B0F400CDC789 /* Sources */ = {
			isa = PBXSourcesBuildPhase;
			buildActionMask = 2147483647;
			files = (
				83AD232C1EC6B0F500CDC789 /* GameScene.swift in Sources */,
				83AD232E1EC6B0F500CDC789 /* GameViewController.swift in Sources */,
				835A59301F1C794D00E64D26 /* GameOverScene.swift in Sources */,
				83AD23261EC6B0F500CDC789 /* AppDelegate.swift in Sources */,
			);
			runOnlyForDeploymentPostprocessing = 0;
		};
		83AD23381EC6B0F500CDC789 /* Sources */ = {
			isa = PBXSourcesBuildPhase;
			buildActionMask = 2147483647;
			files = (
				83AD23411EC6B0F500CDC789 /* RememberRickenbackerTests.swift in Sources */,
			);
			runOnlyForDeploymentPostprocessing = 0;
		};
		83AD23431EC6B0F500CDC789 /* Sources */ = {
			isa = PBXSourcesBuildPhase;
			buildActionMask = 2147483647;
			files = (
				83AD234C1EC6B0F500CDC789 /* RememberRickenbackerUITests.swift in Sources */,
			);
			runOnlyForDeploymentPostprocessing = 0;
		};
/* End PBXSourcesBuildPhase section */

/* Begin PBXTargetDependency section */
		83AD233E1EC6B0F500CDC789 /* PBXTargetDependency */ = {
			isa = PBXTargetDependency;
			target = 83AD23211EC6B0F400CDC789 /* RememberRickenbacker */;
			targetProxy = 83AD233D1EC6B0F500CDC789 /* PBXContainerItemProxy */;
		};
		83AD23491EC6B0F500CDC789 /* PBXTargetDependency */ = {
			isa = PBXTargetDependency;
			target = 83AD23211EC6B0F400CDC789 /* RememberRickenbacker */;
			targetProxy = 83AD23481EC6B0F500CDC789 /* PBXContainerItemProxy */;
		};
/* End PBXTargetDependency section */

/* Begin PBXVariantGroup section */
		83AD232F1EC6B0F500CDC789 /* Main.storyboard */ = {
			isa = PBXVariantGroup;
			children = (
				83AD23301EC6B0F500CDC789 /* Base */,
			);
			name = Main.storyboard;
			sourceTree = "<group>";
		};
		83AD23341EC6B0F500CDC789 /* LaunchScreen.storyboard */ = {
			isa = PBXVariantGroup;
			children = (
				83AD23351EC6B0F500CDC789 /* Base */,
			);
			name = LaunchScreen.storyboard;
			sourceTree = "<group>";
		};
/* End PBXVariantGroup section */

/* Begin XCBuildConfiguration section */
		83AD234E1EC6B0F500CDC789 /* Debug */ = {
			isa = XCBuildConfiguration;
			buildSettings = {
				ALWAYS_SEARCH_USER_PATHS = NO;
				CLANG_ANALYZER_NONNULL = YES;
				CLANG_ANALYZER_NUMBER_OBJECT_CONVERSION = YES_AGGRESSIVE;
				CLANG_CXX_LANGUAGE_STANDARD = "gnu++0x";
				CLANG_CXX_LIBRARY = "libc++";
				CLANG_ENABLE_MODULES = YES;
				CLANG_ENABLE_OBJC_ARC = YES;
				CLANG_WARN_BOOL_CONVERSION = YES;
				CLANG_WARN_CONSTANT_CONVERSION = YES;
				CLANG_WARN_DIRECT_OBJC_ISA_USAGE = YES_ERROR;
				CLANG_WARN_DOCUMENTATION_COMMENTS = YES;
				CLANG_WARN_EMPTY_BODY = YES;
				CLANG_WARN_ENUM_CONVERSION = YES;
				CLANG_WARN_INFINITE_RECURSION = YES;
				CLANG_WARN_INT_CONVERSION = YES;
				CLANG_WARN_OBJC_ROOT_CLASS = YES_ERROR;
				CLANG_WARN_SUSPICIOUS_MOVE = YES;
				CLANG_WARN_UNREACHABLE_CODE = YES;
				CLANG_WARN__DUPLICATE_METHOD_MATCH = YES;
				"CODE_SIGN_IDENTITY[sdk=iphoneos*]" = "iPhone Developer";
				COPY_PHASE_STRIP = NO;
				DEBUG_INFORMATION_FORMAT = dwarf;
				ENABLE_STRICT_OBJC_MSGSEND = YES;
				ENABLE_TESTABILITY = YES;
				GCC_C_LANGUAGE_STANDARD = gnu99;
				GCC_DYNAMIC_NO_PIC = NO;
				GCC_NO_COMMON_BLOCKS = YES;
				GCC_OPTIMIZATION_LEVEL = 0;
				GCC_PREPROCESSOR_DEFINITIONS = (
					"DEBUG=1",
					"$(inherited)",
				);
				GCC_WARN_64_TO_32_BIT_CONVERSION = YES;
				GCC_WARN_ABOUT_RETURN_TYPE = YES_ERROR;
				GCC_WARN_UNDECLARED_SELECTOR = YES;
				GCC_WARN_UNINITIALIZED_AUTOS = YES_AGGRESSIVE;
				GCC_WARN_UNUSED_FUNCTION = YES;
				GCC_WARN_UNUSED_VARIABLE = YES;
				IPHONEOS_DEPLOYMENT_TARGET = 10.3;
				MTL_ENABLE_DEBUG_INFO = YES;
				ONLY_ACTIVE_ARCH = YES;
				SDKROOT = iphoneos;
				SWIFT_ACTIVE_COMPILATION_CONDITIONS = DEBUG;
				SWIFT_OPTIMIZATION_LEVEL = "-Onone";
				TARGETED_DEVICE_FAMILY = "1,2";
			};
			name = Debug;
		};
		83AD234F1EC6B0F500CDC789 /* Release */ = {
			isa = XCBuildConfiguration;
			buildSettings = {
				ALWAYS_SEARCH_USER_PATHS = NO;
				CLANG_ANALYZER_NONNULL = YES;
				CLANG_ANALYZER_NUMBER_OBJECT_CONVERSION = YES_AGGRESSIVE;
				CLANG_CXX_LANGUAGE_STANDARD = "gnu++0x";
				CLANG_CXX_LIBRARY = "libc++";
				CLANG_ENABLE_MODULES = YES;
				CLANG_ENABLE_OBJC_ARC = YES;
				CLANG_WARN_BOOL_CONVERSION = YES;
				CLANG_WARN_CONSTANT_CONVERSION = YES;
				CLANG_WARN_DIRECT_OBJC_ISA_USAGE = YES_ERROR;
				CLANG_WARN_DOCUMENTATION_COMMENTS = YES;
				CLANG_WARN_EMPTY_BODY = YES;
				CLANG_WARN_ENUM_CONVERSION = YES;
				CLANG_WARN_INFINITE_RECURSION = YES;
				CLANG_WARN_INT_CONVERSION = YES;
				CLANG_WARN_OBJC_ROOT_CLASS = YES_ERROR;
				CLANG_WARN_SUSPICIOUS_MOVE = YES;
				CLANG_WARN_UNREACHABLE_CODE = YES;
				CLANG_WARN__DUPLICATE_METHOD_MATCH = YES;
				"CODE_SIGN_IDENTITY[sdk=iphoneos*]" = "iPhone Developer";
				COPY_PHASE_STRIP = NO;
				DEBUG_INFORMATION_FORMAT = "dwarf-with-dsym";
				ENABLE_NS_ASSERTIONS = NO;
				ENABLE_STRICT_OBJC_MSGSEND = YES;
				GCC_C_LANGUAGE_STANDARD = gnu99;
				GCC_NO_COMMON_BLOCKS = YES;
				GCC_WARN_64_TO_32_BIT_CONVERSION = YES;
				GCC_WARN_ABOUT_RETURN_TYPE = YES_ERROR;
				GCC_WARN_UNDECLARED_SELECTOR = YES;
				GCC_WARN_UNINITIALIZED_AUTOS = YES_AGGRESSIVE;
				GCC_WARN_UNUSED_FUNCTION = YES;
				GCC_WARN_UNUSED_VARIABLE = YES;
				IPHONEOS_DEPLOYMENT_TARGET = 10.3;
				MTL_ENABLE_DEBUG_INFO = NO;
				SDKROOT = iphoneos;
				SWIFT_OPTIMIZATION_LEVEL = "-Owholemodule";
				TARGETED_DEVICE_FAMILY = "1,2";
				VALIDATE_PRODUCT = YES;
			};
			name = Release;
		};
		83AD23511EC6B0F500CDC789 /* Debug */ = {
			isa = XCBuildConfiguration;
			buildSettings = {
				ASSETCATALOG_COMPILER_APPICON_NAME = AppIcon;
				DEVELOPMENT_TEAM = PBTXF58SZ6;
				INFOPLIST_FILE = RememberRickenbacker/Info.plist;
				IPHONEOS_DEPLOYMENT_TARGET = 10.0;
				LD_RUNPATH_SEARCH_PATHS = "$(inherited) @executable_path/Frameworks";
				PRODUCT_BUNDLE_IDENTIFIER = com.jmyser.RememberRickenbacker;
				PRODUCT_NAME = "$(TARGET_NAME)";
				SWIFT_VERSION = 3.0;
				TARGETED_DEVICE_FAMILY = "1,2";
			};
			name = Debug;
		};
		83AD23521EC6B0F500CDC789 /* Release */ = {
			isa = XCBuildConfiguration;
			buildSettings = {
				ASSETCATALOG_COMPILER_APPICON_NAME = AppIcon;
				DEVELOPMENT_TEAM = PBTXF58SZ6;
				INFOPLIST_FILE = RememberRickenbacker/Info.plist;
				IPHONEOS_DEPLOYMENT_TARGET = 10.0;
				LD_RUNPATH_SEARCH_PATHS = "$(inherited) @executable_path/Frameworks";
				PRODUCT_BUNDLE_IDENTIFIER = com.jmyser.RememberRickenbacker;
				PRODUCT_NAME = "$(TARGET_NAME)";
				SWIFT_VERSION = 3.0;
				TARGETED_DEVICE_FAMILY = "1,2";
			};
			name = Release;
		};
		83AD23541EC6B0F500CDC789 /* Debug */ = {
			isa = XCBuildConfiguration;
			buildSettings = {
				ALWAYS_EMBED_SWIFT_STANDARD_LIBRARIES = YES;
				BUNDLE_LOADER = "$(TEST_HOST)";
				DEVELOPMENT_TEAM = PBTXF58SZ6;
				INFOPLIST_FILE = RememberRickenbackerTests/Info.plist;
				LD_RUNPATH_SEARCH_PATHS = "$(inherited) @executable_path/Frameworks @loader_path/Frameworks";
				PRODUCT_BUNDLE_IDENTIFIER = com.jmyser.RememberRickenbackerTests;
				PRODUCT_NAME = "$(TARGET_NAME)";
				SWIFT_VERSION = 3.0;
				TEST_HOST = "$(BUILT_PRODUCTS_DIR)/RememberRickenbacker.app/RememberRickenbacker";
			};
			name = Debug;
		};
		83AD23551EC6B0F500CDC789 /* Release */ = {
			isa = XCBuildConfiguration;
			buildSettings = {
				ALWAYS_EMBED_SWIFT_STANDARD_LIBRARIES = YES;
				BUNDLE_LOADER = "$(TEST_HOST)";
				DEVELOPMENT_TEAM = PBTXF58SZ6;
				INFOPLIST_FILE = RememberRickenbackerTests/Info.plist;
				LD_RUNPATH_SEARCH_PATHS = "$(inherited) @executable_path/Frameworks @loader_path/Frameworks";
				PRODUCT_BUNDLE_IDENTIFIER = com.jmyser.RememberRickenbackerTests;
				PRODUCT_NAME = "$(TARGET_NAME)";
				SWIFT_VERSION = 3.0;
				TEST_HOST = "$(BUILT_PRODUCTS_DIR)/RememberRickenbacker.app/RememberRickenbacker";
			};
			name = Release;
		};
		83AD23571EC6B0F500CDC789 /* Debug */ = {
			isa = XCBuildConfiguration;
			buildSettings = {
				ALWAYS_EMBED_SWIFT_STANDARD_LIBRARIES = YES;
				DEVELOPMENT_TEAM = PBTXF58SZ6;
				INFOPLIST_FILE = RememberRickenbackerUITests/Info.plist;
				LD_RUNPATH_SEARCH_PATHS = "$(inherited) @executable_path/Frameworks @loader_path/Frameworks";
				PRODUCT_BUNDLE_IDENTIFIER = com.jmyser.RememberRickenbackerUITests;
				PRODUCT_NAME = "$(TARGET_NAME)";
				SWIFT_VERSION = 3.0;
				TEST_TARGET_NAME = RememberRickenbacker;
			};
			name = Debug;
		};
		83AD23581EC6B0F500CDC789 /* Release */ = {
			isa = XCBuildConfiguration;
			buildSettings = {
				ALWAYS_EMBED_SWIFT_STANDARD_LIBRARIES = YES;
				DEVELOPMENT_TEAM = PBTXF58SZ6;
				INFOPLIST_FILE = RememberRickenbackerUITests/Info.plist;
				LD_RUNPATH_SEARCH_PATHS = "$(inherited) @executable_path/Frameworks @loader_path/Frameworks";
				PRODUCT_BUNDLE_IDENTIFIER = com.jmyser.RememberRickenbackerUITests;
				PRODUCT_NAME = "$(TARGET_NAME)";
				SWIFT_VERSION = 3.0;
				TEST_TARGET_NAME = RememberRickenbacker;
			};
			name = Release;
		};
/* End XCBuildConfiguration section */

/* Begin XCConfigurationList section */
		83AD231D1EC6B0F400CDC789 /* Build configuration list for PBXProject "RememberRickenbacker" */ = {
			isa = XCConfigurationList;
			buildConfigurations = (
				83AD234E1EC6B0F500CDC789 /* Debug */,
				83AD234F1EC6B0F500CDC789 /* Release */,
			);
			defaultConfigurationIsVisible = 0;
			defaultConfigurationName = Release;
		};
		83AD23501EC6B0F500CDC789 /* Build configuration list for PBXNativeTarget "RememberRickenbacker" */ = {
			isa = XCConfigurationList;
			buildConfigurations = (
				83AD23511EC6B0F500CDC789 /* Debug */,
				83AD23521EC6B0F500CDC789 /* Release */,
			);
			defaultConfigurationIsVisible = 0;
			defaultConfigurationName = Release;
		};
		83AD23531EC6B0F500CDC789 /* Build configuration list for PBXNativeTarget "RememberRickenbackerTests" */ = {
			isa = XCConfigurationList;
			buildConfigurations = (
				83AD23541EC6B0F500CDC789 /* Debug */,
				83AD23551EC6B0F500CDC789 /* Release */,
			);
			defaultConfigurationIsVisible = 0;
			defaultConfigurationName = Release;
		};
		83AD23561EC6B0F500CDC789 /* Build configuration list for PBXNativeTarget "RememberRickenbackerUITests" */ = {
			isa = XCConfigurationList;
			buildConfigurations = (
				83AD23571EC6B0F500CDC789 /* Debug */,
				83AD23581EC6B0F500CDC789 /* Release */,
			);
			defaultConfigurationIsVisible = 0;
			defaultConfigurationName = Release;
		};
/* End XCConfigurationList section */
	};
	rootObject = 83AD231A1EC6B0F400CDC789 /* Project object */;
}
